// !$*UTF8*$!
{
	archiveVersion = 1;
	classes = {
	};
	objectVersion = 56;
	objects = {

/* Begin PBXBuildFile section */
		520F8CB92AB4BCF5007BB170 /* Garage.swift in Sources */ = {isa = PBXBuildFile; fileRef = 520F8CB82AB4BCF5007BB170 /* Garage.swift */; };
		520F8CBB2AB4D975007BB170 /* UaserLocation.swift in Sources */ = {isa = PBXBuildFile; fileRef = 520F8CBA2AB4D975007BB170 /* UaserLocation.swift */; };
		520F8CBD2AB8BFD3007BB170 /* Testexmp.swift in Sources */ = {isa = PBXBuildFile; fileRef = 520F8CBC2AB8BFD3007BB170 /* Testexmp.swift */; };
		520F8CC02ABB91C7007BB170 /* Settings.swift in Sources */ = {isa = PBXBuildFile; fileRef = 520F8CBF2ABB91C7007BB170 /* Settings.swift */; };
		520F8CC22ABB958E007BB170 /* about.swift in Sources */ = {isa = PBXBuildFile; fileRef = 520F8CC12ABB958E007BB170 /* about.swift */; };
		520F8CC62ABCEB4D007BB170 /* SendEmailVM.swift in Sources */ = {isa = PBXBuildFile; fileRef = 520F8CC52ABCEB4D007BB170 /* SendEmailVM.swift */; };
		520F8CCC2ABDFAB5007BB170 /* EmailContacting.swift in Sources */ = {isa = PBXBuildFile; fileRef = 520F8CCB2ABDFAB5007BB170 /* EmailContacting.swift */; };
		520F8CCE2AC37A81007BB170 /* GarageDetails .swift in Sources */ = {isa = PBXBuildFile; fileRef = 520F8CCD2AC37A81007BB170 /* GarageDetails .swift */; };
		52AC6EA62AA26EAB00F0E4B6 /* LocationManger.swift in Sources */ = {isa = PBXBuildFile; fileRef = 52AC6EA52AA26EAB00F0E4B6 /* LocationManger.swift */; };
		F7873E652A7B07AD00DE4CE2 /* CargarageApp.swift in Sources */ = {isa = PBXBuildFile; fileRef = F7873E642A7B07AD00DE4CE2 /* CargarageApp.swift */; };
		F7873E672A7B07AD00DE4CE2 /* ContentView.swift in Sources */ = {isa = PBXBuildFile; fileRef = F7873E662A7B07AD00DE4CE2 /* ContentView.swift */; };
		F7873E692A7B07B300DE4CE2 /* Assets.xcassets in Resources */ = {isa = PBXBuildFile; fileRef = F7873E682A7B07B300DE4CE2 /* Assets.xcassets */; };
		F7873E6D2A7B07B300DE4CE2 /* Preview Assets.xcassets in Resources */ = {isa = PBXBuildFile; fileRef = F7873E6C2A7B07B300DE4CE2 /* Preview Assets.xcassets */; };
		F78DDD202A830E4F008CC70C /* Workshop.swift in Sources */ = {isa = PBXBuildFile; fileRef = F78DDD1F2A830E4F008CC70C /* Workshop.swift */; };
/* End PBXBuildFile section */

/* Begin PBXFileReference section */
		520F8CB82AB4BCF5007BB170 /* Garage.swift */ = {isa = PBXFileReference; lastKnownFileType = sourcecode.swift; path = Garage.swift; sourceTree = "<group>"; };
		520F8CBA2AB4D975007BB170 /* UaserLocation.swift */ = {isa = PBXFileReference; lastKnownFileType = sourcecode.swift; path = UaserLocation.swift; sourceTree = "<group>"; };
		520F8CBC2AB8BFD3007BB170 /* Testexmp.swift */ = {isa = PBXFileReference; lastKnownFileType = sourcecode.swift; path = Testexmp.swift; sourceTree = "<group>"; };
		520F8CBF2ABB91C7007BB170 /* Settings.swift */ = {isa = PBXFileReference; lastKnownFileType = sourcecode.swift; path = Settings.swift; sourceTree = "<group>"; };
		520F8CC12ABB958E007BB170 /* about.swift */ = {isa = PBXFileReference; lastKnownFileType = sourcecode.swift; path = about.swift; sourceTree = "<group>"; };
		520F8CC52ABCEB4D007BB170 /* SendEmailVM.swift */ = {isa = PBXFileReference; lastKnownFileType = sourcecode.swift; path = SendEmailVM.swift; sourceTree = "<group>"; };
		520F8CCB2ABDFAB5007BB170 /* EmailContacting.swift */ = {isa = PBXFileReference; lastKnownFileType = sourcecode.swift; path = EmailContacting.swift; sourceTree = "<group>"; };
		520F8CCD2AC37A81007BB170 /* GarageDetails .swift */ = {isa = PBXFileReference; lastKnownFileType = sourcecode.swift; path = "GarageDetails .swift"; sourceTree = "<group>"; };
		52AC6EA52AA26EAB00F0E4B6 /* LocationManger.swift */ = {isa = PBXFileReference; lastKnownFileType = sourcecode.swift; path = LocationManger.swift; sourceTree = "<group>"; };
		52AC6EA72AA289FE00F0E4B6 /* Info.plist */ = {isa = PBXFileReference; lastKnownFileType = text.plist; path = Info.plist; sourceTree = "<group>"; };
		F7873E612A7B07AD00DE4CE2 /* Cargarage.app */ = {isa = PBXFileReference; explicitFileType = wrapper.application; includeInIndex = 0; path = Cargarage.app; sourceTree = BUILT_PRODUCTS_DIR; };
		F7873E642A7B07AD00DE4CE2 /* CargarageApp.swift */ = {isa = PBXFileReference; lastKnownFileType = sourcecode.swift; path = CargarageApp.swift; sourceTree = "<group>"; };
		F7873E662A7B07AD00DE4CE2 /* ContentView.swift */ = {isa = PBXFileReference; lastKnownFileType = sourcecode.swift; path = ContentView.swift; sourceTree = "<group>"; };
		F7873E682A7B07B300DE4CE2 /* Assets.xcassets */ = {isa = PBXFileReference; lastKnownFileType = folder.assetcatalog; path = Assets.xcassets; sourceTree = "<group>"; };
		F7873E6A2A7B07B300DE4CE2 /* Cargarage.entitlements */ = {isa = PBXFileReference; lastKnownFileType = text.plist.entitlements; path = Cargarage.entitlements; sourceTree = "<group>"; };
		F7873E6C2A7B07B300DE4CE2 /* Preview Assets.xcassets */ = {isa = PBXFileReference; lastKnownFileType = folder.assetcatalog; path = "Preview Assets.xcassets"; sourceTree = "<group>"; };
		F78DDD1F2A830E4F008CC70C /* Workshop.swift */ = {isa = PBXFileReference; lastKnownFileType = sourcecode.swift; path = Workshop.swift; sourceTree = "<group>"; };
/* End PBXFileReference section */

/* Begin PBXFrameworksBuildPhase section */
		F7873E5E2A7B07AD00DE4CE2 /* Frameworks */ = {
			isa = PBXFrameworksBuildPhase;
			buildActionMask = 2147483647;
			files = (
			);
			runOnlyForDeploymentPostprocessing = 0;
		};
/* End PBXFrameworksBuildPhase section */

/* Begin PBXGroup section */
		520F8CB72AB4BCDA007BB170 /* Model */ = {
			isa = PBXGroup;
			children = (
				520F8CB82AB4BCF5007BB170 /* Garage.swift */,
				520F8CCB2ABDFAB5007BB170 /* EmailContacting.swift */,
			);
			path = Model;
			sourceTree = "<group>";
		};
		520F8CBE2ABA35B0007BB170 /* New Group */ = {
			isa = PBXGroup;
			children = (
			);
			path = "New Group";
			sourceTree = "<group>";
		};
		52AC6EA42AA26E6700F0E4B6 /* ViewModel */ = {
			isa = PBXGroup;
			children = (
				52AC6EA52AA26EAB00F0E4B6 /* LocationManger.swift */,
				520F8CBA2AB4D975007BB170 /* UaserLocation.swift */,
				520F8CC52ABCEB4D007BB170 /* SendEmailVM.swift */,
			);
			path = ViewModel;
			sourceTree = "<group>";
		};
		F7873E582A7B07AD00DE4CE2 = {
			isa = PBXGroup;
			children = (
				F7873E632A7B07AD00DE4CE2 /* Cargarage */,
				F7873E622A7B07AD00DE4CE2 /* Products */,
			);
			sourceTree = "<group>";
		};
		F7873E622A7B07AD00DE4CE2 /* Products */ = {
			isa = PBXGroup;
			children = (
				F7873E612A7B07AD00DE4CE2 /* Cargarage.app */,
			);
			name = Products;
			sourceTree = "<group>";
		};
		F7873E632A7B07AD00DE4CE2 /* Cargarage */ = {
			isa = PBXGroup;
			children = (
				520F8CBE2ABA35B0007BB170 /* New Group */,
				520F8CB72AB4BCDA007BB170 /* Model */,
				52AC6EA72AA289FE00F0E4B6 /* Info.plist */,
				52AC6EA42AA26E6700F0E4B6 /* ViewModel */,
				F78DDD1E2A830DE9008CC70C /* View */,
				F7873E642A7B07AD00DE4CE2 /* CargarageApp.swift */,
				F7873E662A7B07AD00DE4CE2 /* ContentView.swift */,
				F7873E682A7B07B300DE4CE2 /* Assets.xcassets */,
				F7873E6A2A7B07B300DE4CE2 /* Cargarage.entitlements */,
				F7873E6B2A7B07B300DE4CE2 /* Preview Content */,
			);
			path = Cargarage;
			sourceTree = "<group>";
		};
		F7873E6B2A7B07B300DE4CE2 /* Preview Content */ = {
			isa = PBXGroup;
			children = (
				F7873E6C2A7B07B300DE4CE2 /* Preview Assets.xcassets */,
			);
			path = "Preview Content";
			sourceTree = "<group>";
		};
		F78DDD1E2A830DE9008CC70C /* View */ = {
			isa = PBXGroup;
			children = (
				F78DDD1F2A830E4F008CC70C /* Workshop.swift */,
				520F8CBC2AB8BFD3007BB170 /* Testexmp.swift */,
				520F8CBF2ABB91C7007BB170 /* Settings.swift */,
				520F8CC12ABB958E007BB170 /* about.swift */,
				520F8CCD2AC37A81007BB170 /* GarageDetails .swift */,
			);
			path = View;
			sourceTree = "<group>";
		};
/* End PBXGroup section */

/* Begin PBXNativeTarget section */
		F7873E602A7B07AD00DE4CE2 /* Cargarage */ = {
			isa = PBXNativeTarget;
			buildConfigurationList = F7873E702A7B07B300DE4CE2 /* Build configuration list for PBXNativeTarget "Cargarage" */;
			buildPhases = (
				F7873E5D2A7B07AD00DE4CE2 /* Sources */,
				F7873E5E2A7B07AD00DE4CE2 /* Frameworks */,
				F7873E5F2A7B07AD00DE4CE2 /* Resources */,
			);
			buildRules = (
			);
			dependencies = (
			);
			name = Cargarage;
			productName = Cargarage;
			productReference = F7873E612A7B07AD00DE4CE2 /* Cargarage.app */;
			productType = "com.apple.product-type.application";
		};
/* End PBXNativeTarget section */

/* Begin PBXProject section */
		F7873E592A7B07AD00DE4CE2 /* Project object */ = {
			isa = PBXProject;
			attributes = {
				BuildIndependentTargetsInParallel = 1;
				LastSwiftUpdateCheck = 1400;
				LastUpgradeCheck = 1430;
				TargetAttributes = {
					F7873E602A7B07AD00DE4CE2 = {
						CreatedOnToolsVersion = 14.0.1;
					};
				};
			};
			buildConfigurationList = F7873E5C2A7B07AD00DE4CE2 /* Build configuration list for PBXProject "Cargarage" */;
			compatibilityVersion = "Xcode 14.0";
			developmentRegion = en;
			hasScannedForEncodings = 0;
			knownRegions = (
				en,
				Base,
			);
			mainGroup = F7873E582A7B07AD00DE4CE2;
			productRefGroup = F7873E622A7B07AD00DE4CE2 /* Products */;
			projectDirPath = "";
			projectRoot = "";
			targets = (
				F7873E602A7B07AD00DE4CE2 /* Cargarage */,
			);
		};
/* End PBXProject section */

/* Begin PBXResourcesBuildPhase section */
		F7873E5F2A7B07AD00DE4CE2 /* Resources */ = {
			isa = PBXResourcesBuildPhase;
			buildActionMask = 2147483647;
			files = (
				F7873E6D2A7B07B300DE4CE2 /* Preview Assets.xcassets in Resources */,
				F7873E692A7B07B300DE4CE2 /* Assets.xcassets in Resources */,
			);
			runOnlyForDeploymentPostprocessing = 0;
		};
/* End PBXResourcesBuildPhase section */

/* Begin PBXSourcesBuildPhase section */
		F7873E5D2A7B07AD00DE4CE2 /* Sources */ = {
			isa = PBXSourcesBuildPhase;
			buildActionMask = 2147483647;
			files = (
				520F8CCC2ABDFAB5007BB170 /* EmailContacting.swift in Sources */,
				520F8CB92AB4BCF5007BB170 /* Garage.swift in Sources */,
				520F8CC62ABCEB4D007BB170 /* SendEmailVM.swift in Sources */,
				F7873E672A7B07AD00DE4CE2 /* ContentView.swift in Sources */,
				520F8CBD2AB8BFD3007BB170 /* Testexmp.swift in Sources */,
				520F8CBB2AB4D975007BB170 /* UaserLocation.swift in Sources */,
				520F8CC22ABB958E007BB170 /* about.swift in Sources */,
				F78DDD202A830E4F008CC70C /* Workshop.swift in Sources */,
				520F8CC02ABB91C7007BB170 /* Settings.swift in Sources */,
				520F8CCE2AC37A81007BB170 /* GarageDetails .swift in Sources */,
				52AC6EA62AA26EAB00F0E4B6 /* LocationManger.swift in Sources */,
				F7873E652A7B07AD00DE4CE2 /* CargarageApp.swift in Sources */,
			);
			runOnlyForDeploymentPostprocessing = 0;
		};
/* End PBXSourcesBuildPhase section */

/* Begin XCBuildConfiguration section */
		F7873E6E2A7B07B300DE4CE2 /* Debug */ = {
			isa = XCBuildConfiguration;
			buildSettings = {
				ALWAYS_SEARCH_USER_PATHS = NO;
				CLANG_ANALYZER_NONNULL = YES;
				CLANG_ANALYZER_NUMBER_OBJECT_CONVERSION = YES_AGGRESSIVE;
				CLANG_CXX_LANGUAGE_STANDARD = "gnu++20";
				CLANG_ENABLE_MODULES = YES;
				CLANG_ENABLE_OBJC_ARC = YES;
				CLANG_ENABLE_OBJC_WEAK = YES;
				CLANG_WARN_BLOCK_CAPTURE_AUTORELEASING = YES;
				CLANG_WARN_BOOL_CONVERSION = YES;
				CLANG_WARN_COMMA = YES;
				CLANG_WARN_CONSTANT_CONVERSION = YES;
				CLANG_WARN_DEPRECATED_OBJC_IMPLEMENTATIONS = YES;
				CLANG_WARN_DIRECT_OBJC_ISA_USAGE = YES_ERROR;
				CLANG_WARN_DOCUMENTATION_COMMENTS = YES;
				CLANG_WARN_EMPTY_BODY = YES;
				CLANG_WARN_ENUM_CONVERSION = YES;
				CLANG_WARN_INFINITE_RECURSION = YES;
				CLANG_WARN_INT_CONVERSION = YES;
				CLANG_WARN_NON_LITERAL_NULL_CONVERSION = YES;
				CLANG_WARN_OBJC_IMPLICIT_RETAIN_SELF = YES;
				CLANG_WARN_OBJC_LITERAL_CONVERSION = YES;
				CLANG_WARN_OBJC_ROOT_CLASS = YES_ERROR;
				CLANG_WARN_QUOTED_INCLUDE_IN_FRAMEWORK_HEADER = YES;
				CLANG_WARN_RANGE_LOOP_ANALYSIS = YES;
				CLANG_WARN_STRICT_PROTOTYPES = YES;
				CLANG_WARN_SUSPICIOUS_MOVE = YES;
				CLANG_WARN_UNGUARDED_AVAILABILITY = YES_AGGRESSIVE;
				CLANG_WARN_UNREACHABLE_CODE = YES;
				CLANG_WARN__DUPLICATE_METHOD_MATCH = YES;
				COPY_PHASE_STRIP = NO;
				DEAD_CODE_STRIPPING = YES;
				DEBUG_INFORMATION_FORMAT = dwarf;
				ENABLE_STRICT_OBJC_MSGSEND = YES;
				ENABLE_TESTABILITY = YES;
				GCC_C_LANGUAGE_STANDARD = gnu11;
				GCC_DYNAMIC_NO_PIC = NO;
				GCC_NO_COMMON_BLOCKS = YES;
				GCC_OPTIMIZATION_LEVEL = 0;
				GCC_PREPROCESSOR_DEFINITIONS = (
					"DEBUG=1",
					"$(inherited)",
				);
				GCC_WARN_64_TO_32_BIT_CONVERSION = YES;
				GCC_WARN_ABOUT_RETURN_TYPE = YES_ERROR;
				GCC_WARN_UNDECLARED_SELECTOR = YES;
				GCC_WARN_UNINITIALIZED_AUTOS = YES_AGGRESSIVE;
				GCC_WARN_UNUSED_FUNCTION = YES;
				GCC_WARN_UNUSED_VARIABLE = YES;
				IPHONEOS_DEPLOYMENT_TARGET = 16.0;
				MTL_ENABLE_DEBUG_INFO = INCLUDE_SOURCE;
				MTL_FAST_MATH = YES;
				ONLY_ACTIVE_ARCH = YES;
				SWIFT_ACTIVE_COMPILATION_CONDITIONS = DEBUG;
				SWIFT_OPTIMIZATION_LEVEL = "-Onone";
			};
			name = Debug;
		};
		F7873E6F2A7B07B300DE4CE2 /* Release */ = {
			isa = XCBuildConfiguration;
			buildSettings = {
				ALWAYS_SEARCH_USER_PATHS = NO;
				CLANG_ANALYZER_NONNULL = YES;
				CLANG_ANALYZER_NUMBER_OBJECT_CONVERSION = YES_AGGRESSIVE;
				CLANG_CXX_LANGUAGE_STANDARD = "gnu++20";
				CLANG_ENABLE_MODULES = YES;
				CLANG_ENABLE_OBJC_ARC = YES;
				CLANG_ENABLE_OBJC_WEAK = YES;
				CLANG_WARN_BLOCK_CAPTURE_AUTORELEASING = YES;
				CLANG_WARN_BOOL_CONVERSION = YES;
				CLANG_WARN_COMMA = YES;
				CLANG_WARN_CONSTANT_CONVERSION = YES;
				CLANG_WARN_DEPRECATED_OBJC_IMPLEMENTATIONS = YES;
				CLANG_WARN_DIRECT_OBJC_ISA_USAGE = YES_ERROR;
				CLANG_WARN_DOCUMENTATION_COMMENTS = YES;
				CLANG_WARN_EMPTY_BODY = YES;
				CLANG_WARN_ENUM_CONVERSION = YES;
				CLANG_WARN_INFINITE_RECURSION = YES;
				CLANG_WARN_INT_CONVERSION = YES;
				CLANG_WARN_NON_LITERAL_NULL_CONVERSION = YES;
				CLANG_WARN_OBJC_IMPLICIT_RETAIN_SELF = YES;
				CLANG_WARN_OBJC_LITERAL_CONVERSION = YES;
				CLANG_WARN_OBJC_ROOT_CLASS = YES_ERROR;
				CLANG_WARN_QUOTED_INCLUDE_IN_FRAMEWORK_HEADER = YES;
				CLANG_WARN_RANGE_LOOP_ANALYSIS = YES;
				CLANG_WARN_STRICT_PROTOTYPES = YES;
				CLANG_WARN_SUSPICIOUS_MOVE = YES;
				CLANG_WARN_UNGUARDED_AVAILABILITY = YES_AGGRESSIVE;
				CLANG_WARN_UNREACHABLE_CODE = YES;
				CLANG_WARN__DUPLICATE_METHOD_MATCH = YES;
				COPY_PHASE_STRIP = NO;
				DEAD_CODE_STRIPPING = YES;
				DEBUG_INFORMATION_FORMAT = "dwarf-with-dsym";
				ENABLE_NS_ASSERTIONS = NO;
				ENABLE_STRICT_OBJC_MSGSEND = YES;
				GCC_C_LANGUAGE_STANDARD = gnu11;
				GCC_NO_COMMON_BLOCKS = YES;
				GCC_WARN_64_TO_32_BIT_CONVERSION = YES;
				GCC_WARN_ABOUT_RETURN_TYPE = YES_ERROR;
				GCC_WARN_UNDECLARED_SELECTOR = YES;
				GCC_WARN_UNINITIALIZED_AUTOS = YES_AGGRESSIVE;
				GCC_WARN_UNUSED_FUNCTION = YES;
				GCC_WARN_UNUSED_VARIABLE = YES;
				IPHONEOS_DEPLOYMENT_TARGET = 16.0;
				MTL_ENABLE_DEBUG_INFO = NO;
				MTL_FAST_MATH = YES;
				SWIFT_COMPILATION_MODE = wholemodule;
				SWIFT_OPTIMIZATION_LEVEL = "-O";
			};
			name = Release;
		};
		F7873E712A7B07B300DE4CE2 /* Debug */ = {
			isa = XCBuildConfiguration;
			buildSettings = {
				ASSETCATALOG_COMPILER_APPICON_NAME = AppIcon;
				ASSETCATALOG_COMPILER_GLOBAL_ACCENT_COLOR_NAME = AccentColor;
				CODE_SIGN_ENTITLEMENTS = Cargarage/Cargarage.entitlements;
				CODE_SIGN_STYLE = Automatic;
				CURRENT_PROJECT_VERSION = 1;
				DEAD_CODE_STRIPPING = YES;
				DEVELOPMENT_ASSET_PATHS = "\"Cargarage/Preview Content\"";
				DEVELOPMENT_TEAM = 2H8H3AS73K;
				ENABLE_HARDENED_RUNTIME = YES;
				ENABLE_PREVIEWS = YES;
				GENERATE_INFOPLIST_FILE = YES;
				INFOPLIST_FILE = Cargarage/Info.plist;
				INFOPLIST_KEY_NSLocationAlwaysUsageDescription = "may location";
				"INFOPLIST_KEY_UIApplicationSceneManifest_Generation[sdk=iphoneos*]" = YES;
				"INFOPLIST_KEY_UIApplicationSceneManifest_Generation[sdk=iphonesimulator*]" = YES;
				"INFOPLIST_KEY_UIApplicationSupportsIndirectInputEvents[sdk=iphoneos*]" = YES;
				"INFOPLIST_KEY_UIApplicationSupportsIndirectInputEvents[sdk=iphonesimulator*]" = YES;
				"INFOPLIST_KEY_UILaunchScreen_Generation[sdk=iphoneos*]" = YES;
				"INFOPLIST_KEY_UILaunchScreen_Generation[sdk=iphonesimulator*]" = YES;
				"INFOPLIST_KEY_UIStatusBarStyle[sdk=iphoneos*]" = UIStatusBarStyleDefault;
				"INFOPLIST_KEY_UIStatusBarStyle[sdk=iphonesimulator*]" = UIStatusBarStyleDefault;
				INFOPLIST_KEY_UISupportedInterfaceOrientations_iPad = "UIInterfaceOrientationPortrait UIInterfaceOrientationPortraitUpsideDown UIInterfaceOrientationLandscapeLeft UIInterfaceOrientationLandscapeRight";
				INFOPLIST_KEY_UISupportedInterfaceOrientations_iPhone = "UIInterfaceOrientationPortrait UIInterfaceOrientationLandscapeLeft UIInterfaceOrientationLandscapeRight";
				IPHONEOS_DEPLOYMENT_TARGET = 16.0;
				LD_RUNPATH_SEARCH_PATHS = "@executable_path/Frameworks";
				"LD_RUNPATH_SEARCH_PATHS[sdk=macosx*]" = "@executable_path/../Frameworks";
				MACOSX_DEPLOYMENT_TARGET = 12.3;
				MARKETING_VERSION = 1.0;
				PRODUCT_BUNDLE_IDENTIFIER = com.RamziBouchedoub.Cargarage;
				PRODUCT_NAME = "$(TARGET_NAME)";
				SDKROOT = auto;
				SUPPORTED_PLATFORMS = "iphoneos iphonesimulator macosx";
				SWIFT_EMIT_LOC_STRINGS = YES;
				SWIFT_VERSION = 5.0;
				TARGETED_DEVICE_FAMILY = "1,2";
			};
			name = Debug;
		};
		F7873E722A7B07B300DE4CE2 /* Release */ = {
			isa = XCBuildConfiguration;
			buildSettings = {
				ASSETCATALOG_COMPILER_APPICON_NAME = AppIcon;
				ASSETCATALOG_COMPILER_GLOBAL_ACCENT_COLOR_NAME = AccentColor;
				CODE_SIGN_ENTITLEMENTS = Cargarage/Cargarage.entitlements;
				CODE_SIGN_STYLE = Automatic;
				CURRENT_PROJECT_VERSION = 1;
				DEAD_CODE_STRIPPING = YES;
				DEVELOPMENT_ASSET_PATHS = "\"Cargarage/Preview Content\"";
				DEVELOPMENT_TEAM = 2H8H3AS73K;
				ENABLE_HARDENED_RUNTIME = YES;
				ENABLE_PREVIEWS = YES;
				GENERATE_INFOPLIST_FILE = YES;
				INFOPLIST_FILE = Cargarage/Info.plist;
				INFOPLIST_KEY_NSLocationAlwaysUsageDescription = "may location";
				"INFOPLIST_KEY_UIApplicationSceneManifest_Generation[sdk=iphoneos*]" = YES;
				"INFOPLIST_KEY_UIApplicationSceneManifest_Generation[sdk=iphonesimulator*]" = YES;
				"INFOPLIST_KEY_UIApplicationSupportsIndirectInputEvents[sdk=iphoneos*]" = YES;
				"INFOPLIST_KEY_UIApplicationSupportsIndirectInputEvents[sdk=iphonesimulator*]" = YES;
				"INFOPLIST_KEY_UILaunchScreen_Generation[sdk=iphoneos*]" = YES;
				"INFOPLIST_KEY_UILaunchScreen_Generation[sdk=iphonesimulator*]" = YES;
				"INFOPLIST_KEY_UIStatusBarStyle[sdk=iphoneos*]" = UIStatusBarStyleDefault;
				"INFOPLIST_KEY_UIStatusBarStyle[sdk=iphonesimulator*]" = UIStatusBarStyleDefault;
				INFOPLIST_KEY_UISupportedInterfaceOrientations_iPad = "UIInterfaceOrientationPortrait UIInterfaceOrientationPortraitUpsideDown UIInterfaceOrientationLandscapeLeft UIInterfaceOrientationLandscapeRight";
				INFOPLIST_KEY_UISupportedInterfaceOrientations_iPhone = "UIInterfaceOrientationPortrait UIInterfaceOrientationLandscapeLeft UIInterfaceOrientationLandscapeRight";
				IPHONEOS_DEPLOYMENT_TARGET = 16.0;
				LD_RUNPATH_SEARCH_PATHS = "@executable_path/Frameworks";
				"LD_RUNPATH_SEARCH_PATHS[sdk=macosx*]" = "@executable_path/../Frameworks";
				MACOSX_DEPLOYMENT_TARGET = 12.3;
				MARKETING_VERSION = 1.0;
				PRODUCT_BUNDLE_IDENTIFIER = com.RamziBouchedoub.Cargarage;
				PRODUCT_NAME = "$(TARGET_NAME)";
				SDKROOT = auto;
				SUPPORTED_PLATFORMS = "iphoneos iphonesimulator macosx";
				SWIFT_EMIT_LOC_STRINGS = YES;
				SWIFT_VERSION = 5.0;
				TARGETED_DEVICE_FAMILY = "1,2";
			};
			name = Release;
		};
/* End XCBuildConfiguration section */

/* Begin XCConfigurationList section */
		F7873E5C2A7B07AD00DE4CE2 /* Build configuration list for PBXProject "Cargarage" */ = {
			isa = XCConfigurationList;
			buildConfigurations = (
				F7873E6E2A7B07B300DE4CE2 /* Debug */,
				F7873E6F2A7B07B300DE4CE2 /* Release */,
			);
			defaultConfigurationIsVisible = 0;
			defaultConfigurationName = Release;
		};
		F7873E702A7B07B300DE4CE2 /* Build configuration list for PBXNativeTarget "Cargarage" */ = {
			isa = XCConfigurationList;
			buildConfigurations = (
				F7873E712A7B07B300DE4CE2 /* Debug */,
				F7873E722A7B07B300DE4CE2 /* Release */,
			);
			defaultConfigurationIsVisible = 0;
			defaultConfigurationName = Release;
		};
/* End XCConfigurationList section */
	};
	rootObject = F7873E592A7B07AD00DE4CE2 /* Project object */;
}
